
Microsoft Visual Studio Solution File, Format Version 12.00
# Visual Studio Version 17
VisualStudioVersion = 17.0.31410.414
MinimumVisualStudioVersion = 10.0.40219.1
Project("{9A19103F-16F7-4668-BE54-9A1E7A4F7556}") = "WebApi", "src\API\WebApi\WebApi.csproj", "{65B9E9ED-9E2E-4790-9BE5-4C46459515CA}"
EndProject
Project("{2150E333-8FDC-42A3-9474-1A3956D46DE8}") = "src", "src", "{BB908A82-6585-487B-A532-7884AED9883C}"
EndProject
Project("{2150E333-8FDC-42A3-9474-1A3956D46DE8}") = "API", "API", "{17967C07-CCAE-4366-8AEA-EA70A7CA720F}"
EndProject
Project("{2150E333-8FDC-42A3-9474-1A3956D46DE8}") = "tests", "tests", "{D96FBFF4-987C-4B33-98E5-9DD966BB8F17}"
EndProject
Project("{9A19103F-16F7-4668-BE54-9A1E7A4F7556}") = "Application", "src\API\Application\Application.csproj", "{21F4982C-7A10-448D-85F8-D6B9962EDE78}"
EndProject
Project("{2150E333-8FDC-42A3-9474-1A3956D46DE8}") = "Blazor", "Blazor", "{47C87420-3E15-474A-91BE-7FEE4E1476D9}"
EndProject
Project("{9A19103F-16F7-4668-BE54-9A1E7A4F7556}") = "Infrastructure", "src\API\Infrastructure\Infrastructure.csproj", "{4A00A84C-69BD-45DD-B777-5E4AF4E61939}"
EndProject
Project("{9A19103F-16F7-4668-BE54-9A1E7A4F7556}") = "Domain", "src\API\Domain\Domain.csproj", "{1784D2CB-5E33-4563-8CFE-D5C11D81C441}"
EndProject
Project("{9A19103F-16F7-4668-BE54-9A1E7A4F7556}") = "Infrastructure.Persistence", "src\API\Infrastructure.Persistence\Infrastructure.Persistence.csproj", "{D7A56ACE-B018-4DBC-B220-422E16A52DF8}"
EndProject
Project("{FAE04EC0-301F-11D3-BF4B-00C04F79EFBC}") = "Blazor", "Blazor\Blazor.csproj", "{A14B3E36-9947-48FF-80B2-CF96511884A7}"
EndProject
Project("{FAE04EC0-301F-11D3-BF4B-00C04F79EFBC}") = "Application.Contracts", "src\API\Application.Contracts\Application.Contracts.csproj", "{7C453764-6F3E-4B0B-8BF5-6C393550213D}"
EndProject
Project("{FAE04EC0-301F-11D3-BF4B-00C04F79EFBC}") = "WebApi.SourceGenerator", "src\API\WebApi.SourceGenerator\WebApi.SourceGenerator.csproj", "{D589A2BA-4B8A-4E37-9650-B1F185DE3181}"
EndProject
Global
	GlobalSection(SolutionConfigurationPlatforms) = preSolution
		Debug|Any CPU = Debug|Any CPU
		Release|Any CPU = Release|Any CPU
	EndGlobalSection
	GlobalSection(ProjectConfigurationPlatforms) = postSolution
		{65B9E9ED-9E2E-4790-9BE5-4C46459515CA}.Debug|Any CPU.ActiveCfg = Debug|Any CPU
		{65B9E9ED-9E2E-4790-9BE5-4C46459515CA}.Debug|Any CPU.Build.0 = Debug|Any CPU
		{65B9E9ED-9E2E-4790-9BE5-4C46459515CA}.Release|Any CPU.ActiveCfg = Release|Any CPU
		{65B9E9ED-9E2E-4790-9BE5-4C46459515CA}.Release|Any CPU.Build.0 = Release|Any CPU
		{21F4982C-7A10-448D-85F8-D6B9962EDE78}.Debug|Any CPU.ActiveCfg = Debug|Any CPU
		{21F4982C-7A10-448D-85F8-D6B9962EDE78}.Debug|Any CPU.Build.0 = Debug|Any CPU
		{21F4982C-7A10-448D-85F8-D6B9962EDE78}.Release|Any CPU.ActiveCfg = Release|Any CPU
		{21F4982C-7A10-448D-85F8-D6B9962EDE78}.Release|Any CPU.Build.0 = Release|Any CPU
		{4A00A84C-69BD-45DD-B777-5E4AF4E61939}.Debug|Any CPU.ActiveCfg = Debug|Any CPU
		{4A00A84C-69BD-45DD-B777-5E4AF4E61939}.Debug|Any CPU.Build.0 = Debug|Any CPU
		{4A00A84C-69BD-45DD-B777-5E4AF4E61939}.Release|Any CPU.ActiveCfg = Release|Any CPU
		{4A00A84C-69BD-45DD-B777-5E4AF4E61939}.Release|Any CPU.Build.0 = Release|Any CPU
		{1784D2CB-5E33-4563-8CFE-D5C11D81C441}.Debug|Any CPU.ActiveCfg = Debug|Any CPU
		{1784D2CB-5E33-4563-8CFE-D5C11D81C441}.Debug|Any CPU.Build.0 = Debug|Any CPU
		{1784D2CB-5E33-4563-8CFE-D5C11D81C441}.Release|Any CPU.ActiveCfg = Release|Any CPU
		{1784D2CB-5E33-4563-8CFE-D5C11D81C441}.Release|Any CPU.Build.0 = Release|Any CPU
		{D7A56ACE-B018-4DBC-B220-422E16A52DF8}.Debug|Any CPU.ActiveCfg = Debug|Any CPU
		{D7A56ACE-B018-4DBC-B220-422E16A52DF8}.Debug|Any CPU.Build.0 = Debug|Any CPU
		{D7A56ACE-B018-4DBC-B220-422E16A52DF8}.Release|Any CPU.ActiveCfg = Release|Any CPU
		{D7A56ACE-B018-4DBC-B220-422E16A52DF8}.Release|Any CPU.Build.0 = Release|Any CPU
		{A14B3E36-9947-48FF-80B2-CF96511884A7}.Debug|Any CPU.ActiveCfg = Debug|Any CPU
		{A14B3E36-9947-48FF-80B2-CF96511884A7}.Debug|Any CPU.Build.0 = Debug|Any CPU
		{A14B3E36-9947-48FF-80B2-CF96511884A7}.Release|Any CPU.ActiveCfg = Release|Any CPU
		{A14B3E36-9947-48FF-80B2-CF96511884A7}.Release|Any CPU.Build.0 = Release|Any CPU
		{7C453764-6F3E-4B0B-8BF5-6C393550213D}.Debug|Any CPU.ActiveCfg = Debug|Any CPU
		{7C453764-6F3E-4B0B-8BF5-6C393550213D}.Debug|Any CPU.Build.0 = Debug|Any CPU
		{7C453764-6F3E-4B0B-8BF5-6C393550213D}.Release|Any CPU.ActiveCfg = Release|Any CPU
		{7C453764-6F3E-4B0B-8BF5-6C393550213D}.Release|Any CPU.Build.0 = Release|Any CPU
		{D589A2BA-4B8A-4E37-9650-B1F185DE3181}.Debug|Any CPU.ActiveCfg = Debug|Any CPU
		{D589A2BA-4B8A-4E37-9650-B1F185DE3181}.Debug|Any CPU.Build.0 = Debug|Any CPU
		{D589A2BA-4B8A-4E37-9650-B1F185DE3181}.Release|Any CPU.ActiveCfg = Release|Any CPU
		{D589A2BA-4B8A-4E37-9650-B1F185DE3181}.Release|Any CPU.Build.0 = Release|Any CPU
	EndGlobalSection
	GlobalSection(SolutionProperties) = preSolution
		HideSolutionNode = FALSE
	EndGlobalSection
	GlobalSection(NestedProjects) = preSolution
		{65B9E9ED-9E2E-4790-9BE5-4C46459515CA} = {BB908A82-6585-487B-A532-7884AED9883C}
		{BB908A82-6585-487B-A532-7884AED9883C} = {17967C07-CCAE-4366-8AEA-EA70A7CA720F}
		{D96FBFF4-987C-4B33-98E5-9DD966BB8F17} = {17967C07-CCAE-4366-8AEA-EA70A7CA720F}
		{21F4982C-7A10-448D-85F8-D6B9962EDE78} = {BB908A82-6585-487B-A532-7884AED9883C}
		{4A00A84C-69BD-45DD-B777-5E4AF4E61939} = {BB908A82-6585-487B-A532-7884AED9883C}
		{1784D2CB-5E33-4563-8CFE-D5C11D81C441} = {BB908A82-6585-487B-A532-7884AED9883C}
		{D7A56ACE-B018-4DBC-B220-422E16A52DF8} = {BB908A82-6585-487B-A532-7884AED9883C}
		{A14B3E36-9947-48FF-80B2-CF96511884A7} = {47C87420-3E15-474A-91BE-7FEE4E1476D9}
		{7C453764-6F3E-4B0B-8BF5-6C393550213D} = {BB908A82-6585-487B-A532-7884AED9883C}
		{D589A2BA-4B8A-4E37-9650-B1F185DE3181} = {BB908A82-6585-487B-A532-7884AED9883C}
		{A14B3E36-9947-48FF-80B2-CF96511884A7} = {BB908A82-6585-487B-A532-7884AED9883C}
	EndGlobalSection
	GlobalSection(ExtensibilityGlobals) = postSolution
		SolutionGuid = {064CD6B7-20F1-40E8-9842-7F261A6F1D2F}
	EndGlobalSection
EndGlobal
